lockfileVersion: "6.0"

settings:
  autoInstallPeers: true
  excludeLinksFromLockfile: false

devDependencies:
  "@playwright/test":
    specifier: ^1.38.0
    version: 1.38.0
  prettier:
    specifier: 3.0.3
    version: 3.0.3

packages:
  /@playwright/test@1.38.0:
    resolution:
      {
        integrity: sha512-xis/RXXsLxwThKnlIXouxmIvvT3zvQj1JE39GsNieMUrMpb3/GySHDh2j8itCG22qKVD4MYLBp7xB73cUW/UUw==,
      }
    engines: { node: ">=16" }
    hasBin: true
    dependencies:
      playwright: 1.38.0
    dev: true

  /fsevents@2.3.2:
    resolution:
      {
        integrity: sha512-xiqMQR4xAeHTuB9uWm+fFRcIOgKBMiOBP+eXiyT7jsgVCq1bkVygt00oASowB7EdtpOHaaPgKt812P9ab+DDKA==,
      }
    engines: { node: ^8.16.0 || ^10.6.0 || >=11.0.0 }
    os: [darwin]
    requiresBuild: true
    dev: true
    optional: true

  /playwright-core@1.38.0:
    resolution:
      {
        integrity: sha512-f8z1y8J9zvmHoEhKgspmCvOExF2XdcxMW8jNRuX4vkQFrzV4MlZ55iwb5QeyiFQgOFCUolXiRHgpjSEnqvO48g==,
      }
    engines: { node: ">=16" }
    hasBin: true
    dev: true

  /playwright@1.38.0:
    resolution:
      {
        integrity: sha512-fJGw+HO0YY+fU/F1N57DMO+TmXHTrmr905J05zwAQE9xkuwP/QLDk63rVhmyxh03dYnEhnRbsdbH9B0UVVRB3A==,
      }
    engines: { node: ">=16" }
    hasBin: true
    dependencies:
      playwright-core: 1.38.0
    optionalDependencies:
      fsevents: 2.3.2
    dev: true

  /prettier@3.0.3:
    resolution:
      {
        integrity: sha512-L/4pUDMxcNa8R/EthV08Zt42WBO4h1rarVtK0K+QJG0X187OLo7l699jWw0GKuwzkPQ//jMFA/8Xm6Fh3J/DAg==,
      }
    engines: { node: ">=14" }
    hasBin: true
    dev: true
